{
  "version": 4,
  "terraform_version": "1.10.5",
  "serial": 17,
  "lineage": "2ab4ffee-25f9-3ed0-71e9-373d4f9e9fc3",
  "outputs": {},
  "resources": [
    {
      "mode": "managed",
      "type": "github_branch",
      "name": "dev",
      "provider": "provider[\"registry.terraform.io/integrations/github\"]",
      "instances": [
        {
          "schema_version": 0,
          "attributes": {
            "branch": "dev",
            "etag": "W/\"b544e542e1acb6cb62bec92c961c7eba583af2889780b42155823d35ae4794f1\"",
            "id": "Infra-Arch-TICs-terraform-lab:dev",
            "ref": "refs/heads/dev",
            "repository": "Infra-Arch-TICs-terraform-lab",
            "sha": "3d621b2c559ea52c6993c94284d0aa50ebb62479",
            "source_branch": "main",
            "source_sha": "3d621b2c559ea52c6993c94284d0aa50ebb62479"
          },
          "sensitive_attributes": [],
          "private": "bnVsbA==",
          "dependencies": [
            "github_repository.example"
          ]
        }
      ]
    },
    {
      "mode": "managed",
      "type": "github_branch",
      "name": "production",
      "provider": "provider[\"registry.terraform.io/integrations/github\"]",
      "instances": [
        {
          "schema_version": 0,
          "attributes": {
            "branch": "production",
            "etag": "W/\"b142cfddfadce9a448edb00655dbe2e00cb08b357bcd2df726c052debe61dd31\"",
            "id": "Infra-Arch-TICs-terraform-lab:production",
            "ref": "refs/heads/production",
            "repository": "Infra-Arch-TICs-terraform-lab",
            "sha": "3d621b2c559ea52c6993c94284d0aa50ebb62479",
            "source_branch": "main",
            "source_sha": "3d621b2c559ea52c6993c94284d0aa50ebb62479"
          },
          "sensitive_attributes": [],
          "private": "bnVsbA==",
          "dependencies": [
            "github_repository.example"
          ]
        }
      ]
    },
    {
      "mode": "managed",
      "type": "github_branch",
      "name": "stage",
      "provider": "provider[\"registry.terraform.io/integrations/github\"]",
      "instances": [
        {
          "schema_version": 0,
          "attributes": {
            "branch": "stage",
            "etag": "W/\"6a9e205a3fe5ef2ac2bce0c9a0c2da64f41d88b096d6f4d7f03d9dd2ff7d7f15\"",
            "id": "Infra-Arch-TICs-terraform-lab:stage",
            "ref": "refs/heads/stage",
            "repository": "Infra-Arch-TICs-terraform-lab",
            "sha": "3d621b2c559ea52c6993c94284d0aa50ebb62479",
            "source_branch": "main",
            "source_sha": "3d621b2c559ea52c6993c94284d0aa50ebb62479"
          },
          "sensitive_attributes": [],
          "private": "bnVsbA==",
          "dependencies": [
            "github_repository.example"
          ]
        }
      ]
    },
    {
      "mode": "managed",
      "type": "github_repository",
      "name": "example",
      "provider": "provider[\"registry.terraform.io/integrations/github\"]",
      "instances": [
        {
          "schema_version": 1,
          "attributes": {
            "allow_auto_merge": false,
            "allow_merge_commit": true,
            "allow_rebase_merge": true,
            "allow_squash_merge": true,
            "allow_update_branch": false,
            "archive_on_destroy": null,
            "archived": false,
            "auto_init": true,
            "default_branch": "main",
            "delete_branch_on_merge": false,
            "description": "Repository created via Terraform",
            "etag": "W/\"3bffa6fb4ab3ee4e68e67dec3a64a14b6f9253e16e7b90acb309d3d2fcc06018\"",
            "full_name": "FredyRosero/Infra-Arch-TICs-terraform-lab",
            "git_clone_url": "git://github.com/FredyRosero/Infra-Arch-TICs-terraform-lab.git",
            "gitignore_template": "Terraform",
            "has_discussions": false,
            "has_downloads": false,
            "has_issues": false,
            "has_projects": false,
            "has_wiki": false,
            "homepage_url": "",
            "html_url": "https://github.com/FredyRosero/Infra-Arch-TICs-terraform-lab",
            "http_clone_url": "https://github.com/FredyRosero/Infra-Arch-TICs-terraform-lab.git",
            "id": "Infra-Arch-TICs-terraform-lab",
            "ignore_vulnerability_alerts_during_read": null,
            "is_template": false,
            "license_template": "mit",
            "merge_commit_message": "PR_TITLE",
            "merge_commit_title": "MERGE_MESSAGE",
            "name": "Infra-Arch-TICs-terraform-lab",
            "node_id": "R_kgDON9lPmA",
            "pages": [],
            "primary_language": "",
            "private": false,
            "repo_id": 936988568,
            "security_and_analysis": [
              {
                "advanced_security": [],
                "secret_scanning": [
                  {
                    "status": "enabled"
                  }
                ],
                "secret_scanning_push_protection": [
                  {
                    "status": "enabled"
                  }
                ]
              }
            ],
            "squash_merge_commit_message": "COMMIT_MESSAGES",
            "squash_merge_commit_title": "COMMIT_OR_PR_TITLE",
            "ssh_clone_url": "git@github.com:FredyRosero/Infra-Arch-TICs-terraform-lab.git",
            "svn_url": "https://github.com/FredyRosero/Infra-Arch-TICs-terraform-lab",
            "template": [],
            "topics": [],
            "visibility": "public",
            "vulnerability_alerts": false,
            "web_commit_signoff_required": false
          },
          "sensitive_attributes": [],
          "private": "eyJzY2hlbWFfdmVyc2lvbiI6IjEifQ=="
        }
      ]
    }
  ],
  "check_results": null
}
